
Microsoft Visual Studio Solution File, Format Version 12.00
# Visual Studio Version 16
VisualStudioVersion = 16.0.31624.102
MinimumVisualStudioVersion = 10.0.40219.1
Project("{FAE04EC0-301F-11D3-BF4B-00C04F79EFBC}") = "app", "app.csproj", "{C23FF57C-A174-4BDC-953F-FE478103A14D}"
EndProject
Global
	GlobalSection(SolutionConfigurationPlatforms) = preSolution
		Debug|Any CPU = Debug|Any CPU
		Release|Any CPU = Release|Any CPU
	EndGlobalSection
	GlobalSection(ProjectConfigurationPlatforms) = postSolution
		{C23FF57C-A174-4BDC-953F-FE478103A14D}.Debug|Any CPU.ActiveCfg = Debug|Any CPU
		{C23FF57C-A174-4BDC-953F-FE478103A14D}.Debug|Any CPU.Build.0 = Debug|Any CPU
		{C23FF57C-A174-4BDC-953F-FE478103A14D}.Release|Any CPU.ActiveCfg = Release|Any CPU
		{C23FF57C-A174-4BDC-953F-FE478103A14D}.Release|Any CPU.Build.0 = Release|Any CPU
	EndGlobalSection
	GlobalSection(SolutionProperties) = preSolution
		HideSolutionNode = FALSE
	EndGlobalSection
	GlobalSection(ExtensibilityGlobals) = postSolution
		SolutionGuid = {DB151E52-B16D-4EEA-AB8D-12061419C36E}
	EndGlobalSection
EndGlobal
