
Microsoft Visual Studio Solution File, Format Version 12.00
# Visual Studio Version 16
VisualStudioVersion = 16.0.31624.102
MinimumVisualStudioVersion = 10.0.40219.1
Project("{FAE04EC0-301F-11D3-BF4B-00C04F79EFBC}") = "app", "app.csproj", "{E97F58F8-D65A-4991-92DF-7C2198671DD1}"
EndProject
Global
	GlobalSection(SolutionConfigurationPlatforms) = preSolution
		Debug|Any CPU = Debug|Any CPU
		Release|Any CPU = Release|Any CPU
	EndGlobalSection
	GlobalSection(ProjectConfigurationPlatforms) = postSolution
		{E97F58F8-D65A-4991-92DF-7C2198671DD1}.Debug|Any CPU.ActiveCfg = Debug|Any CPU
		{E97F58F8-D65A-4991-92DF-7C2198671DD1}.Debug|Any CPU.Build.0 = Debug|Any CPU
		{E97F58F8-D65A-4991-92DF-7C2198671DD1}.Release|Any CPU.ActiveCfg = Release|Any CPU
		{E97F58F8-D65A-4991-92DF-7C2198671DD1}.Release|Any CPU.Build.0 = Release|Any CPU
	EndGlobalSection
	GlobalSection(SolutionProperties) = preSolution
		HideSolutionNode = FALSE
	EndGlobalSection
	GlobalSection(ExtensibilityGlobals) = postSolution
		SolutionGuid = {54B89B6C-D312-4C1D-AEB7-765C1D7B72E8}
	EndGlobalSection
EndGlobal
