
Microsoft Visual Studio Solution File, Format Version 12.00
# Visual Studio Version 16
VisualStudioVersion = 16.0.31624.102
MinimumVisualStudioVersion = 10.0.40219.1
Project("{FAE04EC0-301F-11D3-BF4B-00C04F79EFBC}") = "app", "app.csproj", "{B59E9FFC-268F-4669-829F-D33749B0729B}"
EndProject
Global
	GlobalSection(SolutionConfigurationPlatforms) = preSolution
		Debug|Any CPU = Debug|Any CPU
		Release|Any CPU = Release|Any CPU
	EndGlobalSection
	GlobalSection(ProjectConfigurationPlatforms) = postSolution
		{B59E9FFC-268F-4669-829F-D33749B0729B}.Debug|Any CPU.ActiveCfg = Debug|Any CPU
		{B59E9FFC-268F-4669-829F-D33749B0729B}.Debug|Any CPU.Build.0 = Debug|Any CPU
		{B59E9FFC-268F-4669-829F-D33749B0729B}.Release|Any CPU.ActiveCfg = Release|Any CPU
		{B59E9FFC-268F-4669-829F-D33749B0729B}.Release|Any CPU.Build.0 = Release|Any CPU
	EndGlobalSection
	GlobalSection(SolutionProperties) = preSolution
		HideSolutionNode = FALSE
	EndGlobalSection
	GlobalSection(ExtensibilityGlobals) = postSolution
		SolutionGuid = {413A83A5-25D8-43AA-974C-CCA63A240088}
	EndGlobalSection
EndGlobal
