
Microsoft Visual Studio Solution File, Format Version 12.00
# Visual Studio Version 16
VisualStudioVersion = 16.0.31624.102
MinimumVisualStudioVersion = 10.0.40219.1
Project("{FAE04EC0-301F-11D3-BF4B-00C04F79EFBC}") = "аpp", "аpp.csproj", "{3EE1AB0F-7E60-4441-AFD9-AF3AAA3B3A7D}"
EndProject
Global
	GlobalSection(SolutionConfigurationPlatforms) = preSolution
		Debug|Any CPU = Debug|Any CPU
		Release|Any CPU = Release|Any CPU
	EndGlobalSection
	GlobalSection(ProjectConfigurationPlatforms) = postSolution
		{3EE1AB0F-7E60-4441-AFD9-AF3AAA3B3A7D}.Debug|Any CPU.ActiveCfg = Debug|Any CPU
		{3EE1AB0F-7E60-4441-AFD9-AF3AAA3B3A7D}.Debug|Any CPU.Build.0 = Debug|Any CPU
		{3EE1AB0F-7E60-4441-AFD9-AF3AAA3B3A7D}.Release|Any CPU.ActiveCfg = Release|Any CPU
		{3EE1AB0F-7E60-4441-AFD9-AF3AAA3B3A7D}.Release|Any CPU.Build.0 = Release|Any CPU
	EndGlobalSection
	GlobalSection(SolutionProperties) = preSolution
		HideSolutionNode = FALSE
	EndGlobalSection
	GlobalSection(ExtensibilityGlobals) = postSolution
		SolutionGuid = {85551703-ACB5-4412-B103-99E25693F0AD}
	EndGlobalSection
EndGlobal
